
Microsoft Visual Studio Solution File, Format Version 12.00
# Visual Studio 15
VisualStudioVersion = 15.0.27428.2037
MinimumVisualStudioVersion = 10.0.40219.1
Project("{FAE04EC0-301F-11D3-BF4B-00C04F79EFBC}") = "Express", "Express\Express.csproj", "{D4D3C29A-85B5-4E31-B086-9D1A2180160E}"
EndProject
Project("{FAE04EC0-301F-11D3-BF4B-00C04F79EFBC}") = "Polska", "Polska\Polska.csproj", "{B60C7CAE-8E5F-42BC-8EF6-0FC7AC404DCE}"
EndProject
Global
	GlobalSection(SolutionConfigurationPlatforms) = preSolution
		Debug|Any CPU = Debug|Any CPU
		Release|Any CPU = Release|Any CPU
	EndGlobalSection
	GlobalSection(ProjectConfigurationPlatforms) = postSolution
		{D4D3C29A-85B5-4E31-B086-9D1A2180160E}.Debug|Any CPU.ActiveCfg = Debug|Any CPU
		{D4D3C29A-85B5-4E31-B086-9D1A2180160E}.Debug|Any CPU.Build.0 = Debug|Any CPU
		{D4D3C29A-85B5-4E31-B086-9D1A2180160E}.Release|Any CPU.ActiveCfg = Release|Any CPU
		{D4D3C29A-85B5-4E31-B086-9D1A2180160E}.Release|Any CPU.Build.0 = Release|Any CPU
		{B60C7CAE-8E5F-42BC-8EF6-0FC7AC404DCE}.Debug|Any CPU.ActiveCfg = Debug|Any CPU
		{B60C7CAE-8E5F-42BC-8EF6-0FC7AC404DCE}.Debug|Any CPU.Build.0 = Debug|Any CPU
		{B60C7CAE-8E5F-42BC-8EF6-0FC7AC404DCE}.Release|Any CPU.ActiveCfg = Release|Any CPU
		{B60C7CAE-8E5F-42BC-8EF6-0FC7AC404DCE}.Release|Any CPU.Build.0 = Release|Any CPU
	EndGlobalSection
	GlobalSection(SolutionProperties) = preSolution
		HideSolutionNode = FALSE
	EndGlobalSection
	GlobalSection(ExtensibilityGlobals) = postSolution
		SolutionGuid = {6B6EBA1B-AFE3-4E52-B410-45286B9933D5}
	EndGlobalSection
EndGlobal
